// !$*UTF8*$!
{
	archiveVersion = 1;
	classes = {
	};
	objectVersion = 50;
	objects = {

/* Begin PBXBuildFile section */
		52C093F0265ABFFD005310AE /* ScheduleLightList.swift in Sources */ = {isa = PBXBuildFile; fileRef = 52C093EF265ABFFD005310AE /* ScheduleLightList.swift */; };
		52C093F2265AC7CC005310AE /* ScheduleLightDetail.swift in Sources */ = {isa = PBXBuildFile; fileRef = 52C093F1265AC7CC005310AE /* ScheduleLightDetail.swift */; };
		52C93284265A407F0062A27F /* ScheduleLightApp.swift in Sources */ = {isa = PBXBuildFile; fileRef = 52C93283265A407F0062A27F /* ScheduleLightApp.swift */; };
		52C93286265A407F0062A27F /* ContentView.swift in Sources */ = {isa = PBXBuildFile; fileRef = 52C93285265A407F0062A27F /* ContentView.swift */; };
		52C93288265A40810062A27F /* Assets.xcassets in Resources */ = {isa = PBXBuildFile; fileRef = 52C93287265A40810062A27F /* Assets.xcassets */; };
		52C9328B265A40810062A27F /* Preview Assets.xcassets in Resources */ = {isa = PBXBuildFile; fileRef = 52C9328A265A40810062A27F /* Preview Assets.xcassets */; };
		52C93293265A5A590062A27F /* ScheduleLightData.json in Resources */ = {isa = PBXBuildFile; fileRef = 52C93292265A5A590062A27F /* ScheduleLightData.json */; };
		52C93295265A86B70062A27F /* ScheduleLight.swift in Sources */ = {isa = PBXBuildFile; fileRef = 52C93294265A86B60062A27F /* ScheduleLight.swift */; };
		52C93297265A93420062A27F /* ModelData.swift in Sources */ = {isa = PBXBuildFile; fileRef = 52C93296265A93420062A27F /* ModelData.swift */; };
		52C9329C265A9F270062A27F /* ScheduleLightRow.swift in Sources */ = {isa = PBXBuildFile; fileRef = 52C9329B265A9F270062A27F /* ScheduleLightRow.swift */; };
/* End PBXBuildFile section */

/* Begin PBXFileReference section */
		52C093EF265ABFFD005310AE /* ScheduleLightList.swift */ = {isa = PBXFileReference; lastKnownFileType = sourcecode.swift; path = ScheduleLightList.swift; sourceTree = "<group>"; };
		52C093F1265AC7CC005310AE /* ScheduleLightDetail.swift */ = {isa = PBXFileReference; lastKnownFileType = sourcecode.swift; path = ScheduleLightDetail.swift; sourceTree = "<group>"; };
		52C93280265A407F0062A27F /* ScheduleLight.app */ = {isa = PBXFileReference; explicitFileType = wrapper.application; includeInIndex = 0; path = ScheduleLight.app; sourceTree = BUILT_PRODUCTS_DIR; };
		52C93283265A407F0062A27F /* ScheduleLightApp.swift */ = {isa = PBXFileReference; lastKnownFileType = sourcecode.swift; path = ScheduleLightApp.swift; sourceTree = "<group>"; };
		52C93285265A407F0062A27F /* ContentView.swift */ = {isa = PBXFileReference; lastKnownFileType = sourcecode.swift; path = ContentView.swift; sourceTree = "<group>"; };
		52C93287265A40810062A27F /* Assets.xcassets */ = {isa = PBXFileReference; lastKnownFileType = folder.assetcatalog; path = Assets.xcassets; sourceTree = "<group>"; };
		52C9328A265A40810062A27F /* Preview Assets.xcassets */ = {isa = PBXFileReference; lastKnownFileType = folder.assetcatalog; path = "Preview Assets.xcassets"; sourceTree = "<group>"; };
		52C9328C265A40810062A27F /* Info.plist */ = {isa = PBXFileReference; lastKnownFileType = text.plist.xml; path = Info.plist; sourceTree = "<group>"; };
		52C93292265A5A590062A27F /* ScheduleLightData.json */ = {isa = PBXFileReference; lastKnownFileType = text.json; path = ScheduleLightData.json; sourceTree = "<group>"; };
		52C93294265A86B60062A27F /* ScheduleLight.swift */ = {isa = PBXFileReference; lastKnownFileType = sourcecode.swift; path = ScheduleLight.swift; sourceTree = "<group>"; };
		52C93296265A93420062A27F /* ModelData.swift */ = {isa = PBXFileReference; lastKnownFileType = sourcecode.swift; path = ModelData.swift; sourceTree = "<group>"; };
		52C9329B265A9F270062A27F /* ScheduleLightRow.swift */ = {isa = PBXFileReference; lastKnownFileType = sourcecode.swift; path = ScheduleLightRow.swift; sourceTree = "<group>"; };
/* End PBXFileReference section */

/* Begin PBXFrameworksBuildPhase section */
		52C9327D265A407F0062A27F /* Frameworks */ = {
			isa = PBXFrameworksBuildPhase;
			buildActionMask = 2147483647;
			files = (
			);
			runOnlyForDeploymentPostprocessing = 0;
		};
/* End PBXFrameworksBuildPhase section */

/* Begin PBXGroup section */
		52C93277265A407F0062A27F = {
			isa = PBXGroup;
			children = (
				52C93282265A407F0062A27F /* ScheduleLight */,
				52C93281265A407F0062A27F /* Products */,
			);
			sourceTree = "<group>";
		};
		52C93281265A407F0062A27F /* Products */ = {
			isa = PBXGroup;
			children = (
				52C93280265A407F0062A27F /* ScheduleLight.app */,
			);
			name = Products;
			sourceTree = "<group>";
		};
		52C93282265A407F0062A27F /* ScheduleLight */ = {
			isa = PBXGroup;
			children = (
				52C93283265A407F0062A27F /* ScheduleLightApp.swift */,
				52C9329A265A9E890062A27F /* Resources */,
				52C93299265A9E710062A27F /* Model */,
				52C93287265A40810062A27F /* Assets.xcassets */,
				52C93298265A9E540062A27F /* Views */,
				52C9328C265A40810062A27F /* Info.plist */,
				52C93289265A40810062A27F /* Preview Content */,
			);
			path = ScheduleLight;
			sourceTree = "<group>";
		};
		52C93289265A40810062A27F /* Preview Content */ = {
			isa = PBXGroup;
			children = (
				52C9328A265A40810062A27F /* Preview Assets.xcassets */,
			);
			path = "Preview Content";
			sourceTree = "<group>";
		};
		52C93298265A9E540062A27F /* Views */ = {
			isa = PBXGroup;
			children = (
				52C93285265A407F0062A27F /* ContentView.swift */,
				52C9329B265A9F270062A27F /* ScheduleLightRow.swift */,
				52C093EF265ABFFD005310AE /* ScheduleLightList.swift */,
				52C093F1265AC7CC005310AE /* ScheduleLightDetail.swift */,
			);
			path = Views;
			sourceTree = "<group>";
		};
		52C93299265A9E710062A27F /* Model */ = {
			isa = PBXGroup;
			children = (
				52C93296265A93420062A27F /* ModelData.swift */,
				52C93294265A86B60062A27F /* ScheduleLight.swift */,
			);
			path = Model;
			sourceTree = "<group>";
		};
		52C9329A265A9E890062A27F /* Resources */ = {
			isa = PBXGroup;
			children = (
				52C93292265A5A590062A27F /* ScheduleLightData.json */,
			);
			path = Resources;
			sourceTree = "<group>";
		};
/* End PBXGroup section */

/* Begin PBXNativeTarget section */
		52C9327F265A407F0062A27F /* ScheduleLight */ = {
			isa = PBXNativeTarget;
			buildConfigurationList = 52C9328F265A40810062A27F /* Build configuration list for PBXNativeTarget "ScheduleLight" */;
			buildPhases = (
				52C9327C265A407F0062A27F /* Sources */,
				52C9327D265A407F0062A27F /* Frameworks */,
				52C9327E265A407F0062A27F /* Resources */,
			);
			buildRules = (
			);
			dependencies = (
			);
			name = ScheduleLight;
			productName = ScheduleLight;
			productReference = 52C93280265A407F0062A27F /* ScheduleLight.app */;
			productType = "com.apple.product-type.application";
		};
/* End PBXNativeTarget section */

/* Begin PBXProject section */
		52C93278265A407F0062A27F /* Project object */ = {
			isa = PBXProject;
			attributes = {
				LastSwiftUpdateCheck = 1250;
				LastUpgradeCheck = 1250;
				TargetAttributes = {
					52C9327F265A407F0062A27F = {
						CreatedOnToolsVersion = 12.5;
					};
				};
			};
			buildConfigurationList = 52C9327B265A407F0062A27F /* Build configuration list for PBXProject "ScheduleLight" */;
			compatibilityVersion = "Xcode 9.3";
			developmentRegion = en;
			hasScannedForEncodings = 0;
			knownRegions = (
				en,
				Base,
			);
			mainGroup = 52C93277265A407F0062A27F;
			productRefGroup = 52C93281265A407F0062A27F /* Products */;
			projectDirPath = "";
			projectRoot = "";
			targets = (
				52C9327F265A407F0062A27F /* ScheduleLight */,
			);
		};
/* End PBXProject section */

/* Begin PBXResourcesBuildPhase section */
		52C9327E265A407F0062A27F /* Resources */ = {
			isa = PBXResourcesBuildPhase;
			buildActionMask = 2147483647;
			files = (
				52C93293265A5A590062A27F /* ScheduleLightData.json in Resources */,
				52C9328B265A40810062A27F /* Preview Assets.xcassets in Resources */,
				52C93288265A40810062A27F /* Assets.xcassets in Resources */,
			);
			runOnlyForDeploymentPostprocessing = 0;
		};
/* End PBXResourcesBuildPhase section */

/* Begin PBXSourcesBuildPhase section */
		52C9327C265A407F0062A27F /* Sources */ = {
			isa = PBXSourcesBuildPhase;
			buildActionMask = 2147483647;
			files = (
				52C9329C265A9F270062A27F /* ScheduleLightRow.swift in Sources */,
				52C093F2265AC7CC005310AE /* ScheduleLightDetail.swift in Sources */,
				52C93295265A86B70062A27F /* ScheduleLight.swift in Sources */,
				52C93297265A93420062A27F /* ModelData.swift in Sources */,
				52C93286265A407F0062A27F /* ContentView.swift in Sources */,
				52C93284265A407F0062A27F /* ScheduleLightApp.swift in Sources */,
				52C093F0265ABFFD005310AE /* ScheduleLightList.swift in Sources */,
			);
			runOnlyForDeploymentPostprocessing = 0;
		};
/* End PBXSourcesBuildPhase section */

/* Begin XCBuildConfiguration section */
		52C9328D265A40810062A27F /* Debug */ = {
			isa = XCBuildConfiguration;
			buildSettings = {
				ALWAYS_SEARCH_USER_PATHS = NO;
				CLANG_ANALYZER_NONNULL = YES;
				CLANG_ANALYZER_NUMBER_OBJECT_CONVERSION = YES_AGGRESSIVE;
				CLANG_CXX_LANGUAGE_STANDARD = "gnu++14";
				CLANG_CXX_LIBRARY = "libc++";
				CLANG_ENABLE_MODULES = YES;
				CLANG_ENABLE_OBJC_ARC = YES;
				CLANG_ENABLE_OBJC_WEAK = YES;
				CLANG_WARN_BLOCK_CAPTURE_AUTORELEASING = YES;
				CLANG_WARN_BOOL_CONVERSION = YES;
				CLANG_WARN_COMMA = YES;
				CLANG_WARN_CONSTANT_CONVERSION = YES;
				CLANG_WARN_DEPRECATED_OBJC_IMPLEMENTATIONS = YES;
				CLANG_WARN_DIRECT_OBJC_ISA_USAGE = YES_ERROR;
				CLANG_WARN_DOCUMENTATION_COMMENTS = YES;
				CLANG_WARN_EMPTY_BODY = YES;
				CLANG_WARN_ENUM_CONVERSION = YES;
				CLANG_WARN_INFINITE_RECURSION = YES;
				CLANG_WARN_INT_CONVERSION = YES;
				CLANG_WARN_NON_LITERAL_NULL_CONVERSION = YES;
				CLANG_WARN_OBJC_IMPLICIT_RETAIN_SELF = YES;
				CLANG_WARN_OBJC_LITERAL_CONVERSION = YES;
				CLANG_WARN_OBJC_ROOT_CLASS = YES_ERROR;
				CLANG_WARN_QUOTED_INCLUDE_IN_FRAMEWORK_HEADER = YES;
				CLANG_WARN_RANGE_LOOP_ANALYSIS = YES;
				CLANG_WARN_STRICT_PROTOTYPES = YES;
				CLANG_WARN_SUSPICIOUS_MOVE = YES;
				CLANG_WARN_UNGUARDED_AVAILABILITY = YES_AGGRESSIVE;
				CLANG_WARN_UNREACHABLE_CODE = YES;
				CLANG_WARN__DUPLICATE_METHOD_MATCH = YES;
				COPY_PHASE_STRIP = NO;
				DEBUG_INFORMATION_FORMAT = dwarf;
				ENABLE_STRICT_OBJC_MSGSEND = YES;
				ENABLE_TESTABILITY = YES;
				GCC_C_LANGUAGE_STANDARD = gnu11;
				GCC_DYNAMIC_NO_PIC = NO;
				GCC_NO_COMMON_BLOCKS = YES;
				GCC_OPTIMIZATION_LEVEL = 0;
				GCC_PREPROCESSOR_DEFINITIONS = (
					"DEBUG=1",
					"$(inherited)",
				);
				GCC_WARN_64_TO_32_BIT_CONVERSION = YES;
				GCC_WARN_ABOUT_RETURN_TYPE = YES_ERROR;
				GCC_WARN_UNDECLARED_SELECTOR = YES;
				GCC_WARN_UNINITIALIZED_AUTOS = YES_AGGRESSIVE;
				GCC_WARN_UNUSED_FUNCTION = YES;
				GCC_WARN_UNUSED_VARIABLE = YES;
				IPHONEOS_DEPLOYMENT_TARGET = 14.5;
				MTL_ENABLE_DEBUG_INFO = INCLUDE_SOURCE;
				MTL_FAST_MATH = YES;
				ONLY_ACTIVE_ARCH = YES;
				SDKROOT = iphoneos;
				SWIFT_ACTIVE_COMPILATION_CONDITIONS = DEBUG;
				SWIFT_OPTIMIZATION_LEVEL = "-Onone";
			};
			name = Debug;
		};
		52C9328E265A40810062A27F /* Release */ = {
			isa = XCBuildConfiguration;
			buildSettings = {
				ALWAYS_SEARCH_USER_PATHS = NO;
				CLANG_ANALYZER_NONNULL = YES;
				CLANG_ANALYZER_NUMBER_OBJECT_CONVERSION = YES_AGGRESSIVE;
				CLANG_CXX_LANGUAGE_STANDARD = "gnu++14";
				CLANG_CXX_LIBRARY = "libc++";
				CLANG_ENABLE_MODULES = YES;
				CLANG_ENABLE_OBJC_ARC = YES;
				CLANG_ENABLE_OBJC_WEAK = YES;
				CLANG_WARN_BLOCK_CAPTURE_AUTORELEASING = YES;
				CLANG_WARN_BOOL_CONVERSION = YES;
				CLANG_WARN_COMMA = YES;
				CLANG_WARN_CONSTANT_CONVERSION = YES;
				CLANG_WARN_DEPRECATED_OBJC_IMPLEMENTATIONS = YES;
				CLANG_WARN_DIRECT_OBJC_ISA_USAGE = YES_ERROR;
				CLANG_WARN_DOCUMENTATION_COMMENTS = YES;
				CLANG_WARN_EMPTY_BODY = YES;
				CLANG_WARN_ENUM_CONVERSION = YES;
				CLANG_WARN_INFINITE_RECURSION = YES;
				CLANG_WARN_INT_CONVERSION = YES;
				CLANG_WARN_NON_LITERAL_NULL_CONVERSION = YES;
				CLANG_WARN_OBJC_IMPLICIT_RETAIN_SELF = YES;
				CLANG_WARN_OBJC_LITERAL_CONVERSION = YES;
				CLANG_WARN_OBJC_ROOT_CLASS = YES_ERROR;
				CLANG_WARN_QUOTED_INCLUDE_IN_FRAMEWORK_HEADER = YES;
				CLANG_WARN_RANGE_LOOP_ANALYSIS = YES;
				CLANG_WARN_STRICT_PROTOTYPES = YES;
				CLANG_WARN_SUSPICIOUS_MOVE = YES;
				CLANG_WARN_UNGUARDED_AVAILABILITY = YES_AGGRESSIVE;
				CLANG_WARN_UNREACHABLE_CODE = YES;
				CLANG_WARN__DUPLICATE_METHOD_MATCH = YES;
				COPY_PHASE_STRIP = NO;
				DEBUG_INFORMATION_FORMAT = "dwarf-with-dsym";
				ENABLE_NS_ASSERTIONS = NO;
				ENABLE_STRICT_OBJC_MSGSEND = YES;
				GCC_C_LANGUAGE_STANDARD = gnu11;
				GCC_NO_COMMON_BLOCKS = YES;
				GCC_WARN_64_TO_32_BIT_CONVERSION = YES;
				GCC_WARN_ABOUT_RETURN_TYPE = YES_ERROR;
				GCC_WARN_UNDECLARED_SELECTOR = YES;
				GCC_WARN_UNINITIALIZED_AUTOS = YES_AGGRESSIVE;
				GCC_WARN_UNUSED_FUNCTION = YES;
				GCC_WARN_UNUSED_VARIABLE = YES;
				IPHONEOS_DEPLOYMENT_TARGET = 14.5;
				MTL_ENABLE_DEBUG_INFO = NO;
				MTL_FAST_MATH = YES;
				SDKROOT = iphoneos;
				SWIFT_COMPILATION_MODE = wholemodule;
				SWIFT_OPTIMIZATION_LEVEL = "-O";
				VALIDATE_PRODUCT = YES;
			};
			name = Release;
		};
		52C93290265A40810062A27F /* Debug */ = {
			isa = XCBuildConfiguration;
			buildSettings = {
				ASSETCATALOG_COMPILER_APPICON_NAME = AppIcon;
				ASSETCATALOG_COMPILER_GLOBAL_ACCENT_COLOR_NAME = AccentColor;
				CODE_SIGN_STYLE = Automatic;
				DEVELOPMENT_ASSET_PATHS = "\"ScheduleLight/Preview Content\"";
				ENABLE_PREVIEWS = YES;
				INFOPLIST_FILE = ScheduleLight/Info.plist;
				IPHONEOS_DEPLOYMENT_TARGET = 14.0;
				LD_RUNPATH_SEARCH_PATHS = (
					"$(inherited)",
					"@executable_path/Frameworks",
				);
				PRODUCT_BUNDLE_IDENTIFIER = com.shtoa.ScheduleLight;
				PRODUCT_NAME = "$(TARGET_NAME)";
				SWIFT_VERSION = 5.0;
				TARGETED_DEVICE_FAMILY = "1,2";
			};
			name = Debug;
		};
		52C93291265A40810062A27F /* Release */ = {
			isa = XCBuildConfiguration;
			buildSettings = {
				ASSETCATALOG_COMPILER_APPICON_NAME = AppIcon;
				ASSETCATALOG_COMPILER_GLOBAL_ACCENT_COLOR_NAME = AccentColor;
				CODE_SIGN_STYLE = Automatic;
				DEVELOPMENT_ASSET_PATHS = "\"ScheduleLight/Preview Content\"";
				ENABLE_PREVIEWS = YES;
				INFOPLIST_FILE = ScheduleLight/Info.plist;
				IPHONEOS_DEPLOYMENT_TARGET = 14.0;
				LD_RUNPATH_SEARCH_PATHS = (
					"$(inherited)",
					"@executable_path/Frameworks",
				);
				PRODUCT_BUNDLE_IDENTIFIER = com.shtoa.ScheduleLight;
				PRODUCT_NAME = "$(TARGET_NAME)";
				SWIFT_VERSION = 5.0;
				TARGETED_DEVICE_FAMILY = "1,2";
			};
			name = Release;
		};
/* End XCBuildConfiguration section */

/* Begin XCConfigurationList section */
		52C9327B265A407F0062A27F /* Build configuration list for PBXProject "ScheduleLight" */ = {
			isa = XCConfigurationList;
			buildConfigurations = (
				52C9328D265A40810062A27F /* Debug */,
				52C9328E265A40810062A27F /* Release */,
			);
			defaultConfigurationIsVisible = 0;
			defaultConfigurationName = Release;
		};
		52C9328F265A40810062A27F /* Build configuration list for PBXNativeTarget "ScheduleLight" */ = {
			isa = XCConfigurationList;
			buildConfigurations = (
				52C93290265A40810062A27F /* Debug */,
				52C93291265A40810062A27F /* Release */,
			);
			defaultConfigurationIsVisible = 0;
			defaultConfigurationName = Release;
		};
/* End XCConfigurationList section */
	};
	rootObject = 52C93278265A407F0062A27F /* Project object */;
}
